
Microsoft Visual Studio Solution File, Format Version 12.00
Project("{FAE04EC0-301F-11D3-BF4B-00C04F79EFBC}") = "Warbud.Users", "Warbud.Users\Warbud.Users.csproj", "{03C35160-C989-4C28-96A6-20465381E8EF}"
EndProject
Global
	GlobalSection(SolutionConfigurationPlatforms) = preSolution
		Debug|Any CPU = Debug|Any CPU
		Release|Any CPU = Release|Any CPU
	EndGlobalSection
	GlobalSection(ProjectConfigurationPlatforms) = postSolution
		{03C35160-C989-4C28-96A6-20465381E8EF}.Debug|Any CPU.ActiveCfg = Debug|Any CPU
		{03C35160-C989-4C28-96A6-20465381E8EF}.Debug|Any CPU.Build.0 = Debug|Any CPU
		{03C35160-C989-4C28-96A6-20465381E8EF}.Release|Any CPU.ActiveCfg = Release|Any CPU
		{03C35160-C989-4C28-96A6-20465381E8EF}.Release|Any CPU.Build.0 = Release|Any CPU
	EndGlobalSection
EndGlobal
